
Microsoft Visual Studio Solution File, Format Version 12.00
# Visual Studio Version 17
VisualStudioVersion = 17.0.31903.59
MinimumVisualStudioVersion = 10.0.40219.1
Project("{9A19103F-16F7-4668-BE54-9A1E7A4F7556}") = "ModernCSharp.ConsoleApp", "ModernCSharp.ConsoleApp\ModernCSharp.ConsoleApp.csproj", "{2DBEF6B7-E8FC-4CA8-A24F-28366FD755E7}"
EndProject
Project("{FAE04EC0-301F-11D3-BF4B-00C04F79EFBC}") = "ModernCSharp.WinFormsApp", "ModernCSharp.WinFormsApp\ModernCSharp.WinFormsApp.csproj", "{C4D75F23-25BB-4571-A19E-BEE8B73A5694}"
EndProject
Project("{FAE04EC0-301F-11D3-BF4B-00C04F79EFBC}") = "ModernCSharp.Application", "ModernCSharp.Application\ModernCSharp.Application.csproj", "{FC2F7BA1-DE84-4C7B-96A3-09EB144DB488}"
EndProject
Project("{FAE04EC0-301F-11D3-BF4B-00C04F79EFBC}") = "Ordering.Domain", "ModernCSharp.Order\Ordering.Domain.csproj", "{05BDF5F6-CF57-407B-9DB8-1E8BAE3D6767}"
EndProject
Global
	GlobalSection(SolutionConfigurationPlatforms) = preSolution
		Debug|Any CPU = Debug|Any CPU
		Debug|x64 = Debug|x64
		Debug|x86 = Debug|x86
		Release|Any CPU = Release|Any CPU
		Release|x64 = Release|x64
		Release|x86 = Release|x86
	EndGlobalSection
	GlobalSection(ProjectConfigurationPlatforms) = postSolution
		{2DBEF6B7-E8FC-4CA8-A24F-28366FD755E7}.Debug|Any CPU.ActiveCfg = Debug|Any CPU
		{2DBEF6B7-E8FC-4CA8-A24F-28366FD755E7}.Debug|Any CPU.Build.0 = Debug|Any CPU
		{2DBEF6B7-E8FC-4CA8-A24F-28366FD755E7}.Debug|x64.ActiveCfg = Debug|Any CPU
		{2DBEF6B7-E8FC-4CA8-A24F-28366FD755E7}.Debug|x64.Build.0 = Debug|Any CPU
		{2DBEF6B7-E8FC-4CA8-A24F-28366FD755E7}.Debug|x86.ActiveCfg = Debug|Any CPU
		{2DBEF6B7-E8FC-4CA8-A24F-28366FD755E7}.Debug|x86.Build.0 = Debug|Any CPU
		{2DBEF6B7-E8FC-4CA8-A24F-28366FD755E7}.Release|Any CPU.ActiveCfg = Release|Any CPU
		{2DBEF6B7-E8FC-4CA8-A24F-28366FD755E7}.Release|Any CPU.Build.0 = Release|Any CPU
		{2DBEF6B7-E8FC-4CA8-A24F-28366FD755E7}.Release|x64.ActiveCfg = Release|Any CPU
		{2DBEF6B7-E8FC-4CA8-A24F-28366FD755E7}.Release|x64.Build.0 = Release|Any CPU
		{2DBEF6B7-E8FC-4CA8-A24F-28366FD755E7}.Release|x86.ActiveCfg = Release|Any CPU
		{2DBEF6B7-E8FC-4CA8-A24F-28366FD755E7}.Release|x86.Build.0 = Release|Any CPU
		{C4D75F23-25BB-4571-A19E-BEE8B73A5694}.Debug|Any CPU.ActiveCfg = Debug|Any CPU
		{C4D75F23-25BB-4571-A19E-BEE8B73A5694}.Debug|Any CPU.Build.0 = Debug|Any CPU
		{C4D75F23-25BB-4571-A19E-BEE8B73A5694}.Debug|x64.ActiveCfg = Debug|Any CPU
		{C4D75F23-25BB-4571-A19E-BEE8B73A5694}.Debug|x64.Build.0 = Debug|Any CPU
		{C4D75F23-25BB-4571-A19E-BEE8B73A5694}.Debug|x86.ActiveCfg = Debug|Any CPU
		{C4D75F23-25BB-4571-A19E-BEE8B73A5694}.Debug|x86.Build.0 = Debug|Any CPU
		{C4D75F23-25BB-4571-A19E-BEE8B73A5694}.Release|Any CPU.ActiveCfg = Release|Any CPU
		{C4D75F23-25BB-4571-A19E-BEE8B73A5694}.Release|Any CPU.Build.0 = Release|Any CPU
		{C4D75F23-25BB-4571-A19E-BEE8B73A5694}.Release|x64.ActiveCfg = Release|Any CPU
		{C4D75F23-25BB-4571-A19E-BEE8B73A5694}.Release|x64.Build.0 = Release|Any CPU
		{C4D75F23-25BB-4571-A19E-BEE8B73A5694}.Release|x86.ActiveCfg = Release|Any CPU
		{C4D75F23-25BB-4571-A19E-BEE8B73A5694}.Release|x86.Build.0 = Release|Any CPU
		{FC2F7BA1-DE84-4C7B-96A3-09EB144DB488}.Debug|Any CPU.ActiveCfg = Debug|Any CPU
		{FC2F7BA1-DE84-4C7B-96A3-09EB144DB488}.Debug|Any CPU.Build.0 = Debug|Any CPU
		{FC2F7BA1-DE84-4C7B-96A3-09EB144DB488}.Debug|x64.ActiveCfg = Debug|Any CPU
		{FC2F7BA1-DE84-4C7B-96A3-09EB144DB488}.Debug|x64.Build.0 = Debug|Any CPU
		{FC2F7BA1-DE84-4C7B-96A3-09EB144DB488}.Debug|x86.ActiveCfg = Debug|Any CPU
		{FC2F7BA1-DE84-4C7B-96A3-09EB144DB488}.Debug|x86.Build.0 = Debug|Any CPU
		{FC2F7BA1-DE84-4C7B-96A3-09EB144DB488}.Release|Any CPU.ActiveCfg = Release|Any CPU
		{FC2F7BA1-DE84-4C7B-96A3-09EB144DB488}.Release|Any CPU.Build.0 = Release|Any CPU
		{FC2F7BA1-DE84-4C7B-96A3-09EB144DB488}.Release|x64.ActiveCfg = Release|Any CPU
		{FC2F7BA1-DE84-4C7B-96A3-09EB144DB488}.Release|x64.Build.0 = Release|Any CPU
		{FC2F7BA1-DE84-4C7B-96A3-09EB144DB488}.Release|x86.ActiveCfg = Release|Any CPU
		{FC2F7BA1-DE84-4C7B-96A3-09EB144DB488}.Release|x86.Build.0 = Release|Any CPU
		{05BDF5F6-CF57-407B-9DB8-1E8BAE3D6767}.Debug|Any CPU.ActiveCfg = Debug|Any CPU
		{05BDF5F6-CF57-407B-9DB8-1E8BAE3D6767}.Debug|Any CPU.Build.0 = Debug|Any CPU
		{05BDF5F6-CF57-407B-9DB8-1E8BAE3D6767}.Debug|x64.ActiveCfg = Debug|Any CPU
		{05BDF5F6-CF57-407B-9DB8-1E8BAE3D6767}.Debug|x64.Build.0 = Debug|Any CPU
		{05BDF5F6-CF57-407B-9DB8-1E8BAE3D6767}.Debug|x86.ActiveCfg = Debug|Any CPU
		{05BDF5F6-CF57-407B-9DB8-1E8BAE3D6767}.Debug|x86.Build.0 = Debug|Any CPU
		{05BDF5F6-CF57-407B-9DB8-1E8BAE3D6767}.Release|Any CPU.ActiveCfg = Release|Any CPU
		{05BDF5F6-CF57-407B-9DB8-1E8BAE3D6767}.Release|Any CPU.Build.0 = Release|Any CPU
		{05BDF5F6-CF57-407B-9DB8-1E8BAE3D6767}.Release|x64.ActiveCfg = Release|Any CPU
		{05BDF5F6-CF57-407B-9DB8-1E8BAE3D6767}.Release|x64.Build.0 = Release|Any CPU
		{05BDF5F6-CF57-407B-9DB8-1E8BAE3D6767}.Release|x86.ActiveCfg = Release|Any CPU
		{05BDF5F6-CF57-407B-9DB8-1E8BAE3D6767}.Release|x86.Build.0 = Release|Any CPU
	EndGlobalSection
	GlobalSection(SolutionProperties) = preSolution
		HideSolutionNode = FALSE
	EndGlobalSection
	GlobalSection(ExtensibilityGlobals) = postSolution
		SolutionGuid = {274441B4-90ED-416C-82B5-3881CA53D393}
	EndGlobalSection
EndGlobal
